
Microsoft Visual Studio Solution File, Format Version 12.00
# Visual Studio Version 16
VisualStudioVersion = 16.0.31025.194
MinimumVisualStudioVersion = 10.0.40219.1
Project("{FAE04EC0-301F-11D3-BF4B-00C04F79EFBC}") = "Communicator", "Communicator\Communicator.csproj", "{A4A0442E-3DB9-4022-9AA1-DDECB2340897}"
EndProject
Global
	GlobalSection(SolutionConfigurationPlatforms) = preSolution
		Debug|Any CPU = Debug|Any CPU
		Release|Any CPU = Release|Any CPU
	EndGlobalSection
	GlobalSection(ProjectConfigurationPlatforms) = postSolution
		{A4A0442E-3DB9-4022-9AA1-DDECB2340897}.Debug|Any CPU.ActiveCfg = Debug|Any CPU
		{A4A0442E-3DB9-4022-9AA1-DDECB2340897}.Debug|Any CPU.Build.0 = Debug|Any CPU
		{A4A0442E-3DB9-4022-9AA1-DDECB2340897}.Release|Any CPU.ActiveCfg = Release|Any CPU
		{A4A0442E-3DB9-4022-9AA1-DDECB2340897}.Release|Any CPU.Build.0 = Release|Any CPU
	EndGlobalSection
	GlobalSection(SolutionProperties) = preSolution
		HideSolutionNode = FALSE
	EndGlobalSection
	GlobalSection(ExtensibilityGlobals) = postSolution
		SolutionGuid = {F1C2EF56-0CA3-45DC-8953-14BED7CA8F43}
	EndGlobalSection
EndGlobal
